
Microsoft Visual Studio Solution File, Format Version 12.00
# Visual Studio Version 17
VisualStudioVersion = 17.3.32825.248
MinimumVisualStudioVersion = 10.0.40219.1
Project("{FAE04EC0-301F-11D3-BF4B-00C04F79EFBC}") = "WebApplication1", "WebApplication1.csproj", "{B7F0BD42-1636-4F99-9C91-FDD85AB8574A}"
EndProject
Project("{FAE04EC0-301F-11D3-BF4B-00C04F79EFBC}") = "WebApplication1.Tests", "WebApplication1.Tests\WebApplication1.Tests.csproj", "{44BE5CBE-2613-480D-B732-E26033B417DC}"
EndProject
Global
	GlobalSection(SolutionConfigurationPlatforms) = preSolution
		Debug|Any CPU = Debug|Any CPU
		Release|Any CPU = Release|Any CPU
	EndGlobalSection
	GlobalSection(ProjectConfigurationPlatforms) = postSolution
		{B7F0BD42-1636-4F99-9C91-FDD85AB8574A}.Debug|Any CPU.ActiveCfg = Debug|Any CPU
		{B7F0BD42-1636-4F99-9C91-FDD85AB8574A}.Debug|Any CPU.Build.0 = Debug|Any CPU
		{B7F0BD42-1636-4F99-9C91-FDD85AB8574A}.Release|Any CPU.ActiveCfg = Release|Any CPU
		{B7F0BD42-1636-4F99-9C91-FDD85AB8574A}.Release|Any CPU.Build.0 = Release|Any CPU
		{44BE5CBE-2613-480D-B732-E26033B417DC}.Debug|Any CPU.ActiveCfg = Debug|Any CPU
		{44BE5CBE-2613-480D-B732-E26033B417DC}.Debug|Any CPU.Build.0 = Debug|Any CPU
		{44BE5CBE-2613-480D-B732-E26033B417DC}.Release|Any CPU.ActiveCfg = Release|Any CPU
		{44BE5CBE-2613-480D-B732-E26033B417DC}.Release|Any CPU.Build.0 = Release|Any CPU
	EndGlobalSection
	GlobalSection(SolutionProperties) = preSolution
		HideSolutionNode = FALSE
	EndGlobalSection
	GlobalSection(ExtensibilityGlobals) = postSolution
		SolutionGuid = {EA4E7745-4324-4F14-82ED-7F78EB077097}
	EndGlobalSection
EndGlobal
